
Microsoft Visual Studio Solution File, Format Version 12.00
# Visual Studio Version 17
VisualStudioVersion = 17.14.36518.9 d17.14
MinimumVisualStudioVersion = 10.0.40219.1
Project("{FAE04EC0-301F-11D3-BF4B-00C04F79EFBC}") = "AverageProject", "AverageProject\AverageProject.csproj", "{D193D3A7-4987-4448-A1CA-52D52C8AD485}"
EndProject
Project("{FAE04EC0-301F-11D3-BF4B-00C04F79EFBC}") = "AverageProjectTest", "AverageProjectTest\AverageProjectTest.csproj", "{A369CF30-9080-4738-873C-D479E59CF0B0}"
EndProject
Project("{2150E333-8FDC-42A3-9474-1A3956D46DE8}") = "Test", "Test", "{02EA681E-C7D8-13C7-8484-4AC65E1B71E8}"
EndProject
Global
	GlobalSection(SolutionConfigurationPlatforms) = preSolution
		Debug|Any CPU = Debug|Any CPU
		Release|Any CPU = Release|Any CPU
	EndGlobalSection
	GlobalSection(ProjectConfigurationPlatforms) = postSolution
		{D193D3A7-4987-4448-A1CA-52D52C8AD485}.Debug|Any CPU.ActiveCfg = Debug|Any CPU
		{D193D3A7-4987-4448-A1CA-52D52C8AD485}.Debug|Any CPU.Build.0 = Debug|Any CPU
		{D193D3A7-4987-4448-A1CA-52D52C8AD485}.Release|Any CPU.ActiveCfg = Release|Any CPU
		{D193D3A7-4987-4448-A1CA-52D52C8AD485}.Release|Any CPU.Build.0 = Release|Any CPU
		{A369CF30-9080-4738-873C-D479E59CF0B0}.Debug|Any CPU.ActiveCfg = Debug|Any CPU
		{A369CF30-9080-4738-873C-D479E59CF0B0}.Debug|Any CPU.Build.0 = Debug|Any CPU
		{A369CF30-9080-4738-873C-D479E59CF0B0}.Release|Any CPU.ActiveCfg = Release|Any CPU
		{A369CF30-9080-4738-873C-D479E59CF0B0}.Release|Any CPU.Build.0 = Release|Any CPU
	EndGlobalSection
	GlobalSection(SolutionProperties) = preSolution
		HideSolutionNode = FALSE
	EndGlobalSection
	GlobalSection(NestedProjects) = preSolution
		{A369CF30-9080-4738-873C-D479E59CF0B0} = {02EA681E-C7D8-13C7-8484-4AC65E1B71E8}
	EndGlobalSection
	GlobalSection(ExtensibilityGlobals) = postSolution
		SolutionGuid = {BEE23DB0-CDC5-4F53-9F71-2EEC4A001B41}
	EndGlobalSection
EndGlobal
